
Microsoft Visual Studio Solution File, Format Version 12.00
# Visual Studio Version 17
VisualStudioVersion = 17.8.34212.112
MinimumVisualStudioVersion = 10.0.40219.1
Project("{2150E333-8FDC-42A3-9474-1A3956D46DE8}") = "Services", "Services", "{9729C43C-C0F6-45EF-BF30-C38E4BB4256A}"
EndProject
Project("{2150E333-8FDC-42A3-9474-1A3956D46DE8}") = "Catalog", "Catalog", "{40E21CD7-983D-401E-A7AE-7C0409101751}"
EndProject
Project("{9A19103F-16F7-4668-BE54-9A1E7A4F7556}") = "MultiShop.Catalog", "Services\Catalog\MultiShop.Catalog\MultiShop.Catalog.csproj", "{13DF8D73-52C2-47A7-B0A5-01B3C984A93B}"
EndProject
Project("{2150E333-8FDC-42A3-9474-1A3956D46DE8}") = "Discount", "Discount", "{2165521A-897C-4EA6-9DD3-13397024F6B7}"
EndProject
Project("{9A19103F-16F7-4668-BE54-9A1E7A4F7556}") = "MultiShop.Discount", "Services\Discount\MultiShop.Discount\MultiShop.Discount.csproj", "{E514E541-3A89-4816-98A4-2B3B5733929E}"
EndProject
Project("{2150E333-8FDC-42A3-9474-1A3956D46DE8}") = "Order", "Order", "{C9F9BB59-6D4D-4B2B-9FD7-0966DAF52424}"
EndProject
Project("{2150E333-8FDC-42A3-9474-1A3956D46DE8}") = "Core", "Core", "{CE325F9A-4AEE-447B-A835-C9A87FE38C67}"
EndProject
Project("{2150E333-8FDC-42A3-9474-1A3956D46DE8}") = "Infrastructure", "Infrastructure", "{6906E6D3-0E25-437D-B68E-962A32C383DD}"
EndProject
Project("{2150E333-8FDC-42A3-9474-1A3956D46DE8}") = "Presentation", "Presentation", "{76D8B50B-1EA6-43B1-99F1-3F8519366E88}"
EndProject
Project("{9A19103F-16F7-4668-BE54-9A1E7A4F7556}") = "MultiShop.Order.Domain", "Services\Order\Core\MultiShop.Order.Domain\MultiShop.Order.Domain.csproj", "{62FD3634-9B36-48E7-AFC4-D8E80E13A67A}"
EndProject
Project("{9A19103F-16F7-4668-BE54-9A1E7A4F7556}") = "MultiShop.Order.Application", "Services\Order\Core\MultiShop.Order.Application\MultiShop.Order.Application.csproj", "{72EBB7AB-7254-4D73-8208-4F4B5ABB795F}"
EndProject
Project("{9A19103F-16F7-4668-BE54-9A1E7A4F7556}") = "MultiShop.Order.Persistence", "Services\Order\Infrastructure\MultiShop.Order.Persistence\MultiShop.Order.Persistence.csproj", "{09195BA9-76B7-421A-914C-54C8749145D6}"
EndProject
Project("{9A19103F-16F7-4668-BE54-9A1E7A4F7556}") = "MultiShop.Order.WebApi", "Services\Order\Presentation\MultiShop.Order.WebApi\MultiShop.Order.WebApi.csproj", "{FCC69B2A-A312-45DF-81DB-43D22E01F141}"
EndProject
Project("{2150E333-8FDC-42A3-9474-1A3956D46DE8}") = "IdentityServer", "IdentityServer", "{69A40FF2-0B54-466A-B1DE-35A96E4BDD4B}"
EndProject
Project("{9A19103F-16F7-4668-BE54-9A1E7A4F7556}") = "MultiShop.IdentityServer", "IdentityServer\MultiShop.IdentityServer\MultiShop.IdentityServer.csproj", "{258E0A5F-AE84-4287-AD54-FFA90E8D31EE}"
EndProject
Project("{2150E333-8FDC-42A3-9474-1A3956D46DE8}") = "Requirements", "Requirements", "{A157C24D-AC59-496A-A681-246B215C7DFF}"
	ProjectSection(SolutionItems) = preProject
		IdentityServerVersionErrors.txt = IdentityServerVersionErrors.txt
		loginIndex.txt = loginIndex.txt
		OcelotCodeExample.txt = OcelotCodeExample.txt
		ocelotLink.txt = ocelotLink.txt
		PortNumbers.txt = PortNumbers.txt
		tokentest.txt = tokentest.txt
		UserExample.txt = UserExample.txt
	EndProjectSection
EndProject
Project("{2150E333-8FDC-42A3-9474-1A3956D46DE8}") = "Cargo", "Cargo", "{C6224EEA-FEF0-433A-93CC-A07C2A18DB6A}"
EndProject
Project("{9A19103F-16F7-4668-BE54-9A1E7A4F7556}") = "MultiShop.Cargo.EntityLayer", "Services\Cargo\MultiShop.Cargo.EntityLayer\MultiShop.Cargo.EntityLayer.csproj", "{78474B4A-AD58-4E68-A29B-588EA403D286}"
EndProject
Project("{9A19103F-16F7-4668-BE54-9A1E7A4F7556}") = "MultiShop.Cargo.BusinessLayer", "Services\Cargo\MultiShop.Cargo.BusinessLayer\MultiShop.Cargo.BusinessLayer.csproj", "{7E3531F8-774C-4EC5-A52B-E1F8D5FC7453}"
EndProject
Project("{9A19103F-16F7-4668-BE54-9A1E7A4F7556}") = "MultiShop.Cargo.DataAccessLayer", "Services\Cargo\MultiShop.Cargo.DataAccessLayer\MultiShop.Cargo.DataAccessLayer.csproj", "{1EA6F25C-6369-495F-806C-0F952C4EC853}"
EndProject
Project("{9A19103F-16F7-4668-BE54-9A1E7A4F7556}") = "MultiShop.Cargo.DtoLayer", "Services\Cargo\MultiShop.Cargo.DtoLayer\MultiShop.Cargo.DtoLayer.csproj", "{F31B922A-3D9D-427A-B53C-2E82F7DAF8FF}"
EndProject
Project("{9A19103F-16F7-4668-BE54-9A1E7A4F7556}") = "MultiShop.Cargo.WebApi", "Services\Cargo\MultiShop.Cargo.WebApi\MultiShop.Cargo.WebApi.csproj", "{E59DB165-F0D3-4796-81A5-C0B8CBA57B48}"
EndProject
Project("{2150E333-8FDC-42A3-9474-1A3956D46DE8}") = "Basket", "Basket", "{33E616D0-3002-45F3-A183-44DACD28E88B}"
EndProject
Project("{9A19103F-16F7-4668-BE54-9A1E7A4F7556}") = "Multishop.Basket", "Services\Basket\Multishop.Basket\Multishop.Basket.csproj", "{88BACC24-8BF9-4D8A-9CAC-F5BA099C8A9C}"
EndProject
Project("{2150E333-8FDC-42A3-9474-1A3956D46DE8}") = "Frontends", "Frontends", "{770FBE1B-A4B0-4F40-8CA8-1AC5C35FB7A6}"
EndProject
Project("{9A19103F-16F7-4668-BE54-9A1E7A4F7556}") = "MultiShop.WebUI", "Frontends\MultiShop.WebUI\MultiShop.WebUI.csproj", "{E17FB2FE-DB9D-450A-A3A1-9217F890FCAD}"
EndProject
Project("{9A19103F-16F7-4668-BE54-9A1E7A4F7556}") = "MultiShop.DtoLayer", "Frontends\MultiShop.DtoLayer\MultiShop.DtoLayer.csproj", "{7FC508E8-C0B3-47D1-A51C-2D46D75E999C}"
EndProject
Project("{2150E333-8FDC-42A3-9474-1A3956D46DE8}") = "Comment", "Comment", "{0EAE7D27-5693-44CA-AFFE-11DCDD865719}"
EndProject
Project("{9A19103F-16F7-4668-BE54-9A1E7A4F7556}") = "MultiShop.Comment", "Services\Comment\MultiShop.Comment\MultiShop.Comment.csproj", "{0B79914F-E45F-4C71-BD07-044F9FFA788D}"
EndProject
Project("{2150E333-8FDC-42A3-9474-1A3956D46DE8}") = "ApiGateway", "ApiGateway", "{B534F1E5-2EFB-4226-A1AF-D6977B3DBEF1}"
EndProject
Project("{2150E333-8FDC-42A3-9474-1A3956D46DE8}") = "RapidApi", "RapidApi", "{D78A9670-BAE7-4947-BBF0-6ED409D87C3A}"
EndProject
Project("{9A19103F-16F7-4668-BE54-9A1E7A4F7556}") = "Multishop.OcelotGateway", "ApiGateway\Multishop.OcelotGateway\Multishop.OcelotGateway.csproj", "{99925215-E7D2-43FC-B748-A7BBECA2794B}"
EndProject
Project("{2150E333-8FDC-42A3-9474-1A3956D46DE8}") = "Payment", "Payment", "{2818FBF8-81B3-4E99-868B-C378F52225DC}"
EndProject
Project("{9A19103F-16F7-4668-BE54-9A1E7A4F7556}") = "MultiShop.Payment", "Services\Payment\MultiShop.Payment\MultiShop.Payment.csproj", "{137351B0-5A84-486D-AF8E-0A6F0FB8259D}"
EndProject
Project("{2150E333-8FDC-42A3-9474-1A3956D46DE8}") = "Images", "Images", "{A3964DB5-DDD2-4E68-A867-AF876314F0FA}"
EndProject
Project("{9A19103F-16F7-4668-BE54-9A1E7A4F7556}") = "MultiShop.Images", "Services\Images\MultiShop.Images\MultiShop.Images.csproj", "{BE9CCD20-72B9-4116-B2A5-AF6B8756B89D}"
EndProject
Project("{2150E333-8FDC-42A3-9474-1A3956D46DE8}") = "Message", "Message", "{1BCAB28F-46E2-412C-8B77-86E72E56B9BE}"
EndProject
Project("{9A19103F-16F7-4668-BE54-9A1E7A4F7556}") = "MultiShop.Message", "Services\Message\MultiShop.Message\MultiShop.Message.csproj", "{F3AF5F33-6CC7-45EF-81D2-C1B28254E9AF}"
EndProject
Project("{2150E333-8FDC-42A3-9474-1A3956D46DE8}") = "SignalRRealTime", "SignalRRealTime", "{622DABB4-12AE-4D93-A168-72CD317DE6CD}"
EndProject
Project("{9A19103F-16F7-4668-BE54-9A1E7A4F7556}") = "MultiShop.SignalRRealTimeApi", "Services\SignalRRealTime\MultiShop.SignalRRealTimeApi\MultiShop.SignalRRealTimeApi.csproj", "{ADD22003-856D-4958-9860-9AFEBCA384BC}"
EndProject
Project("{9A19103F-16F7-4668-BE54-9A1E7A4F7556}") = "MultiShop.Images.WebUI", "Services\Images\MultiShop.Images.WebUI\MultiShop.Images.WebUI.csproj", "{8E4DA293-F09C-46B5-BAD1-C913269675B9}"
EndProject
Project("{2150E333-8FDC-42A3-9474-1A3956D46DE8}") = "RabbitMQMessage", "RabbitMQMessage", "{23C6FDFE-285F-4F28-8AA7-13B72F167C93}"
EndProject
Project("{FAE04EC0-301F-11D3-BF4B-00C04F79EFBC}") = "MultiShop.RabbitMQMessage", "Services\RabbitMQMessage\MultiShop.RabbitMQMessage\MultiShop.RabbitMQMessage.csproj", "{5ACAB8B2-5123-4F34-B44A-97B16B0CC91A}"
EndProject
Project("{FAE04EC0-301F-11D3-BF4B-00C04F79EFBC}") = "MultiShop.RapidApi", "RapidApi\MultiShop.RapidApi\MultiShop.RapidApi.csproj", "{9083E959-1FBB-4355-8AE3-7B62C64BE28A}"
EndProject
Global
	GlobalSection(SolutionConfigurationPlatforms) = preSolution
		Debug|Any CPU = Debug|Any CPU
		Release|Any CPU = Release|Any CPU
	EndGlobalSection
	GlobalSection(ProjectConfigurationPlatforms) = postSolution
		{13DF8D73-52C2-47A7-B0A5-01B3C984A93B}.Debug|Any CPU.ActiveCfg = Debug|Any CPU
		{13DF8D73-52C2-47A7-B0A5-01B3C984A93B}.Debug|Any CPU.Build.0 = Debug|Any CPU
		{13DF8D73-52C2-47A7-B0A5-01B3C984A93B}.Release|Any CPU.ActiveCfg = Release|Any CPU
		{13DF8D73-52C2-47A7-B0A5-01B3C984A93B}.Release|Any CPU.Build.0 = Release|Any CPU
		{E514E541-3A89-4816-98A4-2B3B5733929E}.Debug|Any CPU.ActiveCfg = Debug|Any CPU
		{E514E541-3A89-4816-98A4-2B3B5733929E}.Debug|Any CPU.Build.0 = Debug|Any CPU
		{E514E541-3A89-4816-98A4-2B3B5733929E}.Release|Any CPU.ActiveCfg = Release|Any CPU
		{E514E541-3A89-4816-98A4-2B3B5733929E}.Release|Any CPU.Build.0 = Release|Any CPU
		{62FD3634-9B36-48E7-AFC4-D8E80E13A67A}.Debug|Any CPU.ActiveCfg = Debug|Any CPU
		{62FD3634-9B36-48E7-AFC4-D8E80E13A67A}.Debug|Any CPU.Build.0 = Debug|Any CPU
		{62FD3634-9B36-48E7-AFC4-D8E80E13A67A}.Release|Any CPU.ActiveCfg = Release|Any CPU
		{62FD3634-9B36-48E7-AFC4-D8E80E13A67A}.Release|Any CPU.Build.0 = Release|Any CPU
		{72EBB7AB-7254-4D73-8208-4F4B5ABB795F}.Debug|Any CPU.ActiveCfg = Debug|Any CPU
		{72EBB7AB-7254-4D73-8208-4F4B5ABB795F}.Debug|Any CPU.Build.0 = Debug|Any CPU
		{72EBB7AB-7254-4D73-8208-4F4B5ABB795F}.Release|Any CPU.ActiveCfg = Release|Any CPU
		{72EBB7AB-7254-4D73-8208-4F4B5ABB795F}.Release|Any CPU.Build.0 = Release|Any CPU
		{09195BA9-76B7-421A-914C-54C8749145D6}.Debug|Any CPU.ActiveCfg = Debug|Any CPU
		{09195BA9-76B7-421A-914C-54C8749145D6}.Debug|Any CPU.Build.0 = Debug|Any CPU
		{09195BA9-76B7-421A-914C-54C8749145D6}.Release|Any CPU.ActiveCfg = Release|Any CPU
		{09195BA9-76B7-421A-914C-54C8749145D6}.Release|Any CPU.Build.0 = Release|Any CPU
		{FCC69B2A-A312-45DF-81DB-43D22E01F141}.Debug|Any CPU.ActiveCfg = Debug|Any CPU
		{FCC69B2A-A312-45DF-81DB-43D22E01F141}.Debug|Any CPU.Build.0 = Debug|Any CPU
		{FCC69B2A-A312-45DF-81DB-43D22E01F141}.Release|Any CPU.ActiveCfg = Release|Any CPU
		{FCC69B2A-A312-45DF-81DB-43D22E01F141}.Release|Any CPU.Build.0 = Release|Any CPU
		{258E0A5F-AE84-4287-AD54-FFA90E8D31EE}.Debug|Any CPU.ActiveCfg = Debug|Any CPU
		{258E0A5F-AE84-4287-AD54-FFA90E8D31EE}.Debug|Any CPU.Build.0 = Debug|Any CPU
		{258E0A5F-AE84-4287-AD54-FFA90E8D31EE}.Release|Any CPU.ActiveCfg = Release|Any CPU
		{258E0A5F-AE84-4287-AD54-FFA90E8D31EE}.Release|Any CPU.Build.0 = Release|Any CPU
		{78474B4A-AD58-4E68-A29B-588EA403D286}.Debug|Any CPU.ActiveCfg = Debug|Any CPU
		{78474B4A-AD58-4E68-A29B-588EA403D286}.Debug|Any CPU.Build.0 = Debug|Any CPU
		{78474B4A-AD58-4E68-A29B-588EA403D286}.Release|Any CPU.ActiveCfg = Release|Any CPU
		{78474B4A-AD58-4E68-A29B-588EA403D286}.Release|Any CPU.Build.0 = Release|Any CPU
		{7E3531F8-774C-4EC5-A52B-E1F8D5FC7453}.Debug|Any CPU.ActiveCfg = Debug|Any CPU
		{7E3531F8-774C-4EC5-A52B-E1F8D5FC7453}.Debug|Any CPU.Build.0 = Debug|Any CPU
		{7E3531F8-774C-4EC5-A52B-E1F8D5FC7453}.Release|Any CPU.ActiveCfg = Release|Any CPU
		{7E3531F8-774C-4EC5-A52B-E1F8D5FC7453}.Release|Any CPU.Build.0 = Release|Any CPU
		{1EA6F25C-6369-495F-806C-0F952C4EC853}.Debug|Any CPU.ActiveCfg = Debug|Any CPU
		{1EA6F25C-6369-495F-806C-0F952C4EC853}.Debug|Any CPU.Build.0 = Debug|Any CPU
		{1EA6F25C-6369-495F-806C-0F952C4EC853}.Release|Any CPU.ActiveCfg = Release|Any CPU
		{1EA6F25C-6369-495F-806C-0F952C4EC853}.Release|Any CPU.Build.0 = Release|Any CPU
		{F31B922A-3D9D-427A-B53C-2E82F7DAF8FF}.Debug|Any CPU.ActiveCfg = Debug|Any CPU
		{F31B922A-3D9D-427A-B53C-2E82F7DAF8FF}.Debug|Any CPU.Build.0 = Debug|Any CPU
		{F31B922A-3D9D-427A-B53C-2E82F7DAF8FF}.Release|Any CPU.ActiveCfg = Release|Any CPU
		{F31B922A-3D9D-427A-B53C-2E82F7DAF8FF}.Release|Any CPU.Build.0 = Release|Any CPU
		{E59DB165-F0D3-4796-81A5-C0B8CBA57B48}.Debug|Any CPU.ActiveCfg = Debug|Any CPU
		{E59DB165-F0D3-4796-81A5-C0B8CBA57B48}.Debug|Any CPU.Build.0 = Debug|Any CPU
		{E59DB165-F0D3-4796-81A5-C0B8CBA57B48}.Release|Any CPU.ActiveCfg = Release|Any CPU
		{E59DB165-F0D3-4796-81A5-C0B8CBA57B48}.Release|Any CPU.Build.0 = Release|Any CPU
		{88BACC24-8BF9-4D8A-9CAC-F5BA099C8A9C}.Debug|Any CPU.ActiveCfg = Debug|Any CPU
		{88BACC24-8BF9-4D8A-9CAC-F5BA099C8A9C}.Debug|Any CPU.Build.0 = Debug|Any CPU
		{88BACC24-8BF9-4D8A-9CAC-F5BA099C8A9C}.Release|Any CPU.ActiveCfg = Release|Any CPU
		{88BACC24-8BF9-4D8A-9CAC-F5BA099C8A9C}.Release|Any CPU.Build.0 = Release|Any CPU
		{E17FB2FE-DB9D-450A-A3A1-9217F890FCAD}.Debug|Any CPU.ActiveCfg = Debug|Any CPU
		{E17FB2FE-DB9D-450A-A3A1-9217F890FCAD}.Debug|Any CPU.Build.0 = Debug|Any CPU
		{E17FB2FE-DB9D-450A-A3A1-9217F890FCAD}.Release|Any CPU.ActiveCfg = Release|Any CPU
		{E17FB2FE-DB9D-450A-A3A1-9217F890FCAD}.Release|Any CPU.Build.0 = Release|Any CPU
		{7FC508E8-C0B3-47D1-A51C-2D46D75E999C}.Debug|Any CPU.ActiveCfg = Debug|Any CPU
		{7FC508E8-C0B3-47D1-A51C-2D46D75E999C}.Debug|Any CPU.Build.0 = Debug|Any CPU
		{7FC508E8-C0B3-47D1-A51C-2D46D75E999C}.Release|Any CPU.ActiveCfg = Release|Any CPU
		{7FC508E8-C0B3-47D1-A51C-2D46D75E999C}.Release|Any CPU.Build.0 = Release|Any CPU
		{0B79914F-E45F-4C71-BD07-044F9FFA788D}.Debug|Any CPU.ActiveCfg = Debug|Any CPU
		{0B79914F-E45F-4C71-BD07-044F9FFA788D}.Debug|Any CPU.Build.0 = Debug|Any CPU
		{0B79914F-E45F-4C71-BD07-044F9FFA788D}.Release|Any CPU.ActiveCfg = Release|Any CPU
		{0B79914F-E45F-4C71-BD07-044F9FFA788D}.Release|Any CPU.Build.0 = Release|Any CPU
		{99925215-E7D2-43FC-B748-A7BBECA2794B}.Debug|Any CPU.ActiveCfg = Debug|Any CPU
		{99925215-E7D2-43FC-B748-A7BBECA2794B}.Debug|Any CPU.Build.0 = Debug|Any CPU
		{99925215-E7D2-43FC-B748-A7BBECA2794B}.Release|Any CPU.ActiveCfg = Release|Any CPU
		{99925215-E7D2-43FC-B748-A7BBECA2794B}.Release|Any CPU.Build.0 = Release|Any CPU
		{137351B0-5A84-486D-AF8E-0A6F0FB8259D}.Debug|Any CPU.ActiveCfg = Debug|Any CPU
		{137351B0-5A84-486D-AF8E-0A6F0FB8259D}.Debug|Any CPU.Build.0 = Debug|Any CPU
		{137351B0-5A84-486D-AF8E-0A6F0FB8259D}.Release|Any CPU.ActiveCfg = Release|Any CPU
		{137351B0-5A84-486D-AF8E-0A6F0FB8259D}.Release|Any CPU.Build.0 = Release|Any CPU
		{BE9CCD20-72B9-4116-B2A5-AF6B8756B89D}.Debug|Any CPU.ActiveCfg = Debug|Any CPU
		{BE9CCD20-72B9-4116-B2A5-AF6B8756B89D}.Debug|Any CPU.Build.0 = Debug|Any CPU
		{BE9CCD20-72B9-4116-B2A5-AF6B8756B89D}.Release|Any CPU.ActiveCfg = Release|Any CPU
		{BE9CCD20-72B9-4116-B2A5-AF6B8756B89D}.Release|Any CPU.Build.0 = Release|Any CPU
		{F3AF5F33-6CC7-45EF-81D2-C1B28254E9AF}.Debug|Any CPU.ActiveCfg = Debug|Any CPU
		{F3AF5F33-6CC7-45EF-81D2-C1B28254E9AF}.Debug|Any CPU.Build.0 = Debug|Any CPU
		{F3AF5F33-6CC7-45EF-81D2-C1B28254E9AF}.Release|Any CPU.ActiveCfg = Release|Any CPU
		{F3AF5F33-6CC7-45EF-81D2-C1B28254E9AF}.Release|Any CPU.Build.0 = Release|Any CPU
		{ADD22003-856D-4958-9860-9AFEBCA384BC}.Debug|Any CPU.ActiveCfg = Debug|Any CPU
		{ADD22003-856D-4958-9860-9AFEBCA384BC}.Debug|Any CPU.Build.0 = Debug|Any CPU
		{ADD22003-856D-4958-9860-9AFEBCA384BC}.Release|Any CPU.ActiveCfg = Release|Any CPU
		{ADD22003-856D-4958-9860-9AFEBCA384BC}.Release|Any CPU.Build.0 = Release|Any CPU
		{8E4DA293-F09C-46B5-BAD1-C913269675B9}.Debug|Any CPU.ActiveCfg = Debug|Any CPU
		{8E4DA293-F09C-46B5-BAD1-C913269675B9}.Debug|Any CPU.Build.0 = Debug|Any CPU
		{8E4DA293-F09C-46B5-BAD1-C913269675B9}.Release|Any CPU.ActiveCfg = Release|Any CPU
		{8E4DA293-F09C-46B5-BAD1-C913269675B9}.Release|Any CPU.Build.0 = Release|Any CPU
		{5ACAB8B2-5123-4F34-B44A-97B16B0CC91A}.Debug|Any CPU.ActiveCfg = Debug|Any CPU
		{5ACAB8B2-5123-4F34-B44A-97B16B0CC91A}.Debug|Any CPU.Build.0 = Debug|Any CPU
		{5ACAB8B2-5123-4F34-B44A-97B16B0CC91A}.Release|Any CPU.ActiveCfg = Release|Any CPU
		{5ACAB8B2-5123-4F34-B44A-97B16B0CC91A}.Release|Any CPU.Build.0 = Release|Any CPU
		{9083E959-1FBB-4355-8AE3-7B62C64BE28A}.Debug|Any CPU.ActiveCfg = Debug|Any CPU
		{9083E959-1FBB-4355-8AE3-7B62C64BE28A}.Debug|Any CPU.Build.0 = Debug|Any CPU
		{9083E959-1FBB-4355-8AE3-7B62C64BE28A}.Release|Any CPU.ActiveCfg = Release|Any CPU
		{9083E959-1FBB-4355-8AE3-7B62C64BE28A}.Release|Any CPU.Build.0 = Release|Any CPU
	EndGlobalSection
	GlobalSection(SolutionProperties) = preSolution
		HideSolutionNode = FALSE
	EndGlobalSection
	GlobalSection(NestedProjects) = preSolution
		{40E21CD7-983D-401E-A7AE-7C0409101751} = {9729C43C-C0F6-45EF-BF30-C38E4BB4256A}
		{13DF8D73-52C2-47A7-B0A5-01B3C984A93B} = {40E21CD7-983D-401E-A7AE-7C0409101751}
		{2165521A-897C-4EA6-9DD3-13397024F6B7} = {9729C43C-C0F6-45EF-BF30-C38E4BB4256A}
		{E514E541-3A89-4816-98A4-2B3B5733929E} = {2165521A-897C-4EA6-9DD3-13397024F6B7}
		{C9F9BB59-6D4D-4B2B-9FD7-0966DAF52424} = {9729C43C-C0F6-45EF-BF30-C38E4BB4256A}
		{CE325F9A-4AEE-447B-A835-C9A87FE38C67} = {C9F9BB59-6D4D-4B2B-9FD7-0966DAF52424}
		{6906E6D3-0E25-437D-B68E-962A32C383DD} = {C9F9BB59-6D4D-4B2B-9FD7-0966DAF52424}
		{76D8B50B-1EA6-43B1-99F1-3F8519366E88} = {C9F9BB59-6D4D-4B2B-9FD7-0966DAF52424}
		{62FD3634-9B36-48E7-AFC4-D8E80E13A67A} = {CE325F9A-4AEE-447B-A835-C9A87FE38C67}
		{72EBB7AB-7254-4D73-8208-4F4B5ABB795F} = {CE325F9A-4AEE-447B-A835-C9A87FE38C67}
		{09195BA9-76B7-421A-914C-54C8749145D6} = {6906E6D3-0E25-437D-B68E-962A32C383DD}
		{FCC69B2A-A312-45DF-81DB-43D22E01F141} = {76D8B50B-1EA6-43B1-99F1-3F8519366E88}
		{258E0A5F-AE84-4287-AD54-FFA90E8D31EE} = {69A40FF2-0B54-466A-B1DE-35A96E4BDD4B}
		{C6224EEA-FEF0-433A-93CC-A07C2A18DB6A} = {9729C43C-C0F6-45EF-BF30-C38E4BB4256A}
		{78474B4A-AD58-4E68-A29B-588EA403D286} = {C6224EEA-FEF0-433A-93CC-A07C2A18DB6A}
		{7E3531F8-774C-4EC5-A52B-E1F8D5FC7453} = {C6224EEA-FEF0-433A-93CC-A07C2A18DB6A}
		{1EA6F25C-6369-495F-806C-0F952C4EC853} = {C6224EEA-FEF0-433A-93CC-A07C2A18DB6A}
		{F31B922A-3D9D-427A-B53C-2E82F7DAF8FF} = {C6224EEA-FEF0-433A-93CC-A07C2A18DB6A}
		{E59DB165-F0D3-4796-81A5-C0B8CBA57B48} = {C6224EEA-FEF0-433A-93CC-A07C2A18DB6A}
		{33E616D0-3002-45F3-A183-44DACD28E88B} = {9729C43C-C0F6-45EF-BF30-C38E4BB4256A}
		{88BACC24-8BF9-4D8A-9CAC-F5BA099C8A9C} = {33E616D0-3002-45F3-A183-44DACD28E88B}
		{E17FB2FE-DB9D-450A-A3A1-9217F890FCAD} = {770FBE1B-A4B0-4F40-8CA8-1AC5C35FB7A6}
		{7FC508E8-C0B3-47D1-A51C-2D46D75E999C} = {770FBE1B-A4B0-4F40-8CA8-1AC5C35FB7A6}
		{0EAE7D27-5693-44CA-AFFE-11DCDD865719} = {9729C43C-C0F6-45EF-BF30-C38E4BB4256A}
		{0B79914F-E45F-4C71-BD07-044F9FFA788D} = {0EAE7D27-5693-44CA-AFFE-11DCDD865719}
		{99925215-E7D2-43FC-B748-A7BBECA2794B} = {B534F1E5-2EFB-4226-A1AF-D6977B3DBEF1}
		{2818FBF8-81B3-4E99-868B-C378F52225DC} = {9729C43C-C0F6-45EF-BF30-C38E4BB4256A}
		{137351B0-5A84-486D-AF8E-0A6F0FB8259D} = {2818FBF8-81B3-4E99-868B-C378F52225DC}
		{A3964DB5-DDD2-4E68-A867-AF876314F0FA} = {9729C43C-C0F6-45EF-BF30-C38E4BB4256A}
		{BE9CCD20-72B9-4116-B2A5-AF6B8756B89D} = {A3964DB5-DDD2-4E68-A867-AF876314F0FA}
		{1BCAB28F-46E2-412C-8B77-86E72E56B9BE} = {9729C43C-C0F6-45EF-BF30-C38E4BB4256A}
		{F3AF5F33-6CC7-45EF-81D2-C1B28254E9AF} = {1BCAB28F-46E2-412C-8B77-86E72E56B9BE}
		{622DABB4-12AE-4D93-A168-72CD317DE6CD} = {9729C43C-C0F6-45EF-BF30-C38E4BB4256A}
		{ADD22003-856D-4958-9860-9AFEBCA384BC} = {622DABB4-12AE-4D93-A168-72CD317DE6CD}
		{8E4DA293-F09C-46B5-BAD1-C913269675B9} = {A3964DB5-DDD2-4E68-A867-AF876314F0FA}
		{23C6FDFE-285F-4F28-8AA7-13B72F167C93} = {9729C43C-C0F6-45EF-BF30-C38E4BB4256A}
		{5ACAB8B2-5123-4F34-B44A-97B16B0CC91A} = {23C6FDFE-285F-4F28-8AA7-13B72F167C93}
		{9083E959-1FBB-4355-8AE3-7B62C64BE28A} = {D78A9670-BAE7-4947-BBF0-6ED409D87C3A}
	EndGlobalSection
	GlobalSection(ExtensibilityGlobals) = postSolution
		SolutionGuid = {02A3C51A-28DF-4012-AE69-08C59E083E02}
	EndGlobalSection
EndGlobal
